
Microsoft Visual Studio Solution File, Format Version 12.00
# Visual Studio Version 16
VisualStudioVersion = 16.0.30523.141
MinimumVisualStudioVersion = 10.0.40219.1
Project("{FAE04EC0-301F-11D3-BF4B-00C04F79EFBC}") = "WindowsFormsApp3", "WindowsFormsApp3\WindowsFormsApp3.csproj", "{C374BCE1-3887-4C8F-8C17-EC25238DAF3D}"
EndProject
Global
	GlobalSection(SolutionConfigurationPlatforms) = preSolution
		Debug|Any CPU = Debug|Any CPU
		Release|Any CPU = Release|Any CPU
	EndGlobalSection
	GlobalSection(ProjectConfigurationPlatforms) = postSolution
		{C374BCE1-3887-4C8F-8C17-EC25238DAF3D}.Debug|Any CPU.ActiveCfg = Debug|Any CPU
		{C374BCE1-3887-4C8F-8C17-EC25238DAF3D}.Debug|Any CPU.Build.0 = Debug|Any CPU
		{C374BCE1-3887-4C8F-8C17-EC25238DAF3D}.Release|Any CPU.ActiveCfg = Release|Any CPU
		{C374BCE1-3887-4C8F-8C17-EC25238DAF3D}.Release|Any CPU.Build.0 = Release|Any CPU
	EndGlobalSection
	GlobalSection(SolutionProperties) = preSolution
		HideSolutionNode = FALSE
	EndGlobalSection
	GlobalSection(ExtensibilityGlobals) = postSolution
		SolutionGuid = {F9F39357-7BD9-44B8-AFD8-1DA6A2A2A25A}
	EndGlobalSection
EndGlobal
